{
  "name": "expressjs",
  "version": "1.0.0",
  "lockfileVersion": 1,
  "requires": true,
  "dependencies": {
    "dotenv": {
      "version": "6.2.0",
      "resolved": "https://registry.npm.taobao.org/dotenv/download/dotenv-6.2.0.tgz",
      "integrity": "sha1-lBwEEFNdlCyL7PKNPzV9vZ1HYGQ="
    }
  }
}
